
Microsoft Visual Studio Solution File, Format Version 12.00
# Visual Studio Version 17
VisualStudioVersion = 17.3.32929.385
MinimumVisualStudioVersion = 10.0.40219.1
Project("{FAE04EC0-301F-11D3-BF4B-00C04F79EFBC}") = "Openbootcmap_EjerciciosSesion3", "Openbootcmap_EjerciciosSesion3\Openbootcmap_EjerciciosSesion3.csproj", "{987A6FC4-ADC8-4045-ABB9-0A0DA4D68B10}"
EndProject
Global
	GlobalSection(SolutionConfigurationPlatforms) = preSolution
		Debug|Any CPU = Debug|Any CPU
		Release|Any CPU = Release|Any CPU
	EndGlobalSection
	GlobalSection(ProjectConfigurationPlatforms) = postSolution
		{987A6FC4-ADC8-4045-ABB9-0A0DA4D68B10}.Debug|Any CPU.ActiveCfg = Debug|Any CPU
		{987A6FC4-ADC8-4045-ABB9-0A0DA4D68B10}.Debug|Any CPU.Build.0 = Debug|Any CPU
		{987A6FC4-ADC8-4045-ABB9-0A0DA4D68B10}.Release|Any CPU.ActiveCfg = Release|Any CPU
		{987A6FC4-ADC8-4045-ABB9-0A0DA4D68B10}.Release|Any CPU.Build.0 = Release|Any CPU
	EndGlobalSection
	GlobalSection(SolutionProperties) = preSolution
		HideSolutionNode = FALSE
	EndGlobalSection
	GlobalSection(ExtensibilityGlobals) = postSolution
		SolutionGuid = {1CE121B7-FF10-42C0-9990-B98888B10554}
	EndGlobalSection
EndGlobal
